
Microsoft Visual Studio Solution File, Format Version 12.00
# Visual Studio 15
VisualStudioVersion = 15.0.27428.2015
MinimumVisualStudioVersion = 10.0.40219.1
Project("{FAE04EC0-301F-11D3-BF4B-00C04F79EFBC}") = "AosComMeasurer", "AosComMeasurer\AosComMeasurer.csproj", "{BA2832C7-0F00-4EC6-824C-E1AAC3FB3B35}"
EndProject
Project("{FAE04EC0-301F-11D3-BF4B-00C04F79EFBC}") = "AosComWrapper", "AosComWrapper\AosComWrapper.csproj", "{93B510A9-DCBD-4672-AAB8-42E4EBB4D86D}"
EndProject
Project("{8BC9CEB8-8B4A-11D0-8D11-00A0C91BC942}") = "UnmCpp", "UnmCpp\UnmCpp.vcxproj", "{E38AB69C-B443-472A-BDD6-6C974914A29E}"
EndProject
Project("{FAE04EC0-301F-11D3-BF4B-00C04F79EFBC}") = "MDevice", "MDevice\MDevice.csproj", "{0C4841E2-594D-4C95-BFE4-42042605EE26}"
EndProject
Project("{FAE04EC0-301F-11D3-BF4B-00C04F79EFBC}") = "AosComMeasurerTest", "AosComMeasurerTest\AosComMeasurerTest.csproj", "{9E416030-0413-4A11-9F91-C1A8A9E786D4}"
EndProject
Project("{FAE04EC0-301F-11D3-BF4B-00C04F79EFBC}") = "MDeviceTest", "MDeviceTest\MDeviceTest.csproj", "{9E45278C-623C-423F-972F-7BE61F2FF739}"
EndProject
Project("{FAE04EC0-301F-11D3-BF4B-00C04F79EFBC}") = "AosComWrapperTest", "AosComWrapperTest\AosComWrapperTest.csproj", "{CA8CD526-54C6-45D6-8208-6DF26F2A55BA}"
EndProject
Project("{FAE04EC0-301F-11D3-BF4B-00C04F79EFBC}") = "WpfMeasurerView", "WpfMeasurerView\WpfMeasurerView.csproj", "{A5209978-C5BD-4070-BD57-6B17E84908B2}"
EndProject
Project("{FAE04EC0-301F-11D3-BF4B-00C04F79EFBC}") = "ConsoleAppForTesting", "ConsoleAppForTesting\ConsoleAppForTesting.csproj", "{76A95C34-E5CE-4A38-BA60-B1C0B116FF4E}"
EndProject
Project("{FAE04EC0-301F-11D3-BF4B-00C04F79EFBC}") = "WpfMeasurerViewTest", "WpfMeasurerViewTest\WpfMeasurerViewTest.csproj", "{BABE880C-53FD-4D0E-A638-A25D3E5A2C92}"
EndProject
Project("{2150E333-8FDC-42A3-9474-1A3956D46DE8}") = "src", "src", "{00BAB824-FFA3-47C3-947D-6BA318AAB05F}"
EndProject
Project("{2150E333-8FDC-42A3-9474-1A3956D46DE8}") = "tests", "tests", "{9DB4DC10-92E9-476C-B78A-1DAC3059D3FB}"
EndProject
Project("{2150E333-8FDC-42A3-9474-1A3956D46DE8}") = "samples", "samples", "{C95B71C5-8A5B-4DCF-9322-A961508059D1}"
EndProject
Global
	GlobalSection(SolutionConfigurationPlatforms) = preSolution
		Debug|Any CPU = Debug|Any CPU
		Debug|x64 = Debug|x64
		Debug|x86 = Debug|x86
		Release|Any CPU = Release|Any CPU
		Release|x64 = Release|x64
		Release|x86 = Release|x86
	EndGlobalSection
	GlobalSection(ProjectConfigurationPlatforms) = postSolution
		{BA2832C7-0F00-4EC6-824C-E1AAC3FB3B35}.Debug|Any CPU.ActiveCfg = Debug|Any CPU
		{BA2832C7-0F00-4EC6-824C-E1AAC3FB3B35}.Debug|Any CPU.Build.0 = Debug|Any CPU
		{BA2832C7-0F00-4EC6-824C-E1AAC3FB3B35}.Debug|x64.ActiveCfg = Debug|Any CPU
		{BA2832C7-0F00-4EC6-824C-E1AAC3FB3B35}.Debug|x64.Build.0 = Debug|Any CPU
		{BA2832C7-0F00-4EC6-824C-E1AAC3FB3B35}.Debug|x86.ActiveCfg = Debug|Any CPU
		{BA2832C7-0F00-4EC6-824C-E1AAC3FB3B35}.Debug|x86.Build.0 = Debug|Any CPU
		{BA2832C7-0F00-4EC6-824C-E1AAC3FB3B35}.Release|Any CPU.ActiveCfg = Release|Any CPU
		{BA2832C7-0F00-4EC6-824C-E1AAC3FB3B35}.Release|Any CPU.Build.0 = Release|Any CPU
		{BA2832C7-0F00-4EC6-824C-E1AAC3FB3B35}.Release|x64.ActiveCfg = Release|Any CPU
		{BA2832C7-0F00-4EC6-824C-E1AAC3FB3B35}.Release|x64.Build.0 = Release|Any CPU
		{BA2832C7-0F00-4EC6-824C-E1AAC3FB3B35}.Release|x86.ActiveCfg = Release|Any CPU
		{BA2832C7-0F00-4EC6-824C-E1AAC3FB3B35}.Release|x86.Build.0 = Release|Any CPU
		{93B510A9-DCBD-4672-AAB8-42E4EBB4D86D}.Debug|Any CPU.ActiveCfg = Debug|Any CPU
		{93B510A9-DCBD-4672-AAB8-42E4EBB4D86D}.Debug|Any CPU.Build.0 = Debug|Any CPU
		{93B510A9-DCBD-4672-AAB8-42E4EBB4D86D}.Debug|x64.ActiveCfg = Debug|Any CPU
		{93B510A9-DCBD-4672-AAB8-42E4EBB4D86D}.Debug|x64.Build.0 = Debug|Any CPU
		{93B510A9-DCBD-4672-AAB8-42E4EBB4D86D}.Debug|x86.ActiveCfg = Debug|Any CPU
		{93B510A9-DCBD-4672-AAB8-42E4EBB4D86D}.Debug|x86.Build.0 = Debug|Any CPU
		{93B510A9-DCBD-4672-AAB8-42E4EBB4D86D}.Release|Any CPU.ActiveCfg = Release|Any CPU
		{93B510A9-DCBD-4672-AAB8-42E4EBB4D86D}.Release|Any CPU.Build.0 = Release|Any CPU
		{93B510A9-DCBD-4672-AAB8-42E4EBB4D86D}.Release|x64.ActiveCfg = Release|Any CPU
		{93B510A9-DCBD-4672-AAB8-42E4EBB4D86D}.Release|x64.Build.0 = Release|Any CPU
		{93B510A9-DCBD-4672-AAB8-42E4EBB4D86D}.Release|x86.ActiveCfg = Release|Any CPU
		{93B510A9-DCBD-4672-AAB8-42E4EBB4D86D}.Release|x86.Build.0 = Release|Any CPU
		{E38AB69C-B443-472A-BDD6-6C974914A29E}.Debug|Any CPU.ActiveCfg = Debug|Win32
		{E38AB69C-B443-472A-BDD6-6C974914A29E}.Debug|x64.ActiveCfg = Debug|x64
		{E38AB69C-B443-472A-BDD6-6C974914A29E}.Debug|x64.Build.0 = Debug|x64
		{E38AB69C-B443-472A-BDD6-6C974914A29E}.Debug|x86.ActiveCfg = Debug|Win32
		{E38AB69C-B443-472A-BDD6-6C974914A29E}.Debug|x86.Build.0 = Debug|Win32
		{E38AB69C-B443-472A-BDD6-6C974914A29E}.Release|Any CPU.ActiveCfg = Release|Win32
		{E38AB69C-B443-472A-BDD6-6C974914A29E}.Release|x64.ActiveCfg = Release|x64
		{E38AB69C-B443-472A-BDD6-6C974914A29E}.Release|x64.Build.0 = Release|x64
		{E38AB69C-B443-472A-BDD6-6C974914A29E}.Release|x86.ActiveCfg = Release|Win32
		{E38AB69C-B443-472A-BDD6-6C974914A29E}.Release|x86.Build.0 = Release|Win32
		{0C4841E2-594D-4C95-BFE4-42042605EE26}.Debug|Any CPU.ActiveCfg = Debug|Any CPU
		{0C4841E2-594D-4C95-BFE4-42042605EE26}.Debug|Any CPU.Build.0 = Debug|Any CPU
		{0C4841E2-594D-4C95-BFE4-42042605EE26}.Debug|x64.ActiveCfg = Debug|Any CPU
		{0C4841E2-594D-4C95-BFE4-42042605EE26}.Debug|x64.Build.0 = Debug|Any CPU
		{0C4841E2-594D-4C95-BFE4-42042605EE26}.Debug|x86.ActiveCfg = Debug|Any CPU
		{0C4841E2-594D-4C95-BFE4-42042605EE26}.Debug|x86.Build.0 = Debug|Any CPU
		{0C4841E2-594D-4C95-BFE4-42042605EE26}.Release|Any CPU.ActiveCfg = Release|Any CPU
		{0C4841E2-594D-4C95-BFE4-42042605EE26}.Release|Any CPU.Build.0 = Release|Any CPU
		{0C4841E2-594D-4C95-BFE4-42042605EE26}.Release|x64.ActiveCfg = Release|Any CPU
		{0C4841E2-594D-4C95-BFE4-42042605EE26}.Release|x64.Build.0 = Release|Any CPU
		{0C4841E2-594D-4C95-BFE4-42042605EE26}.Release|x86.ActiveCfg = Release|Any CPU
		{0C4841E2-594D-4C95-BFE4-42042605EE26}.Release|x86.Build.0 = Release|Any CPU
		{9E416030-0413-4A11-9F91-C1A8A9E786D4}.Debug|Any CPU.ActiveCfg = Debug|Any CPU
		{9E416030-0413-4A11-9F91-C1A8A9E786D4}.Debug|Any CPU.Build.0 = Debug|Any CPU
		{9E416030-0413-4A11-9F91-C1A8A9E786D4}.Debug|x64.ActiveCfg = Debug|Any CPU
		{9E416030-0413-4A11-9F91-C1A8A9E786D4}.Debug|x64.Build.0 = Debug|Any CPU
		{9E416030-0413-4A11-9F91-C1A8A9E786D4}.Debug|x86.ActiveCfg = Debug|Any CPU
		{9E416030-0413-4A11-9F91-C1A8A9E786D4}.Debug|x86.Build.0 = Debug|Any CPU
		{9E416030-0413-4A11-9F91-C1A8A9E786D4}.Release|Any CPU.ActiveCfg = Release|Any CPU
		{9E416030-0413-4A11-9F91-C1A8A9E786D4}.Release|Any CPU.Build.0 = Release|Any CPU
		{9E416030-0413-4A11-9F91-C1A8A9E786D4}.Release|x64.ActiveCfg = Release|Any CPU
		{9E416030-0413-4A11-9F91-C1A8A9E786D4}.Release|x64.Build.0 = Release|Any CPU
		{9E416030-0413-4A11-9F91-C1A8A9E786D4}.Release|x86.ActiveCfg = Release|Any CPU
		{9E416030-0413-4A11-9F91-C1A8A9E786D4}.Release|x86.Build.0 = Release|Any CPU
		{9E45278C-623C-423F-972F-7BE61F2FF739}.Debug|Any CPU.ActiveCfg = Debug|Any CPU
		{9E45278C-623C-423F-972F-7BE61F2FF739}.Debug|Any CPU.Build.0 = Debug|Any CPU
		{9E45278C-623C-423F-972F-7BE61F2FF739}.Debug|x64.ActiveCfg = Debug|Any CPU
		{9E45278C-623C-423F-972F-7BE61F2FF739}.Debug|x64.Build.0 = Debug|Any CPU
		{9E45278C-623C-423F-972F-7BE61F2FF739}.Debug|x86.ActiveCfg = Debug|Any CPU
		{9E45278C-623C-423F-972F-7BE61F2FF739}.Debug|x86.Build.0 = Debug|Any CPU
		{9E45278C-623C-423F-972F-7BE61F2FF739}.Release|Any CPU.ActiveCfg = Release|Any CPU
		{9E45278C-623C-423F-972F-7BE61F2FF739}.Release|Any CPU.Build.0 = Release|Any CPU
		{9E45278C-623C-423F-972F-7BE61F2FF739}.Release|x64.ActiveCfg = Release|Any CPU
		{9E45278C-623C-423F-972F-7BE61F2FF739}.Release|x64.Build.0 = Release|Any CPU
		{9E45278C-623C-423F-972F-7BE61F2FF739}.Release|x86.ActiveCfg = Release|Any CPU
		{9E45278C-623C-423F-972F-7BE61F2FF739}.Release|x86.Build.0 = Release|Any CPU
		{CA8CD526-54C6-45D6-8208-6DF26F2A55BA}.Debug|Any CPU.ActiveCfg = Debug|Any CPU
		{CA8CD526-54C6-45D6-8208-6DF26F2A55BA}.Debug|Any CPU.Build.0 = Debug|Any CPU
		{CA8CD526-54C6-45D6-8208-6DF26F2A55BA}.Debug|x64.ActiveCfg = Debug|Any CPU
		{CA8CD526-54C6-45D6-8208-6DF26F2A55BA}.Debug|x64.Build.0 = Debug|Any CPU
		{CA8CD526-54C6-45D6-8208-6DF26F2A55BA}.Debug|x86.ActiveCfg = Debug|Any CPU
		{CA8CD526-54C6-45D6-8208-6DF26F2A55BA}.Debug|x86.Build.0 = Debug|Any CPU
		{CA8CD526-54C6-45D6-8208-6DF26F2A55BA}.Release|Any CPU.ActiveCfg = Release|Any CPU
		{CA8CD526-54C6-45D6-8208-6DF26F2A55BA}.Release|Any CPU.Build.0 = Release|Any CPU
		{CA8CD526-54C6-45D6-8208-6DF26F2A55BA}.Release|x64.ActiveCfg = Release|Any CPU
		{CA8CD526-54C6-45D6-8208-6DF26F2A55BA}.Release|x64.Build.0 = Release|Any CPU
		{CA8CD526-54C6-45D6-8208-6DF26F2A55BA}.Release|x86.ActiveCfg = Release|Any CPU
		{CA8CD526-54C6-45D6-8208-6DF26F2A55BA}.Release|x86.Build.0 = Release|Any CPU
		{A5209978-C5BD-4070-BD57-6B17E84908B2}.Debug|Any CPU.ActiveCfg = Debug|Any CPU
		{A5209978-C5BD-4070-BD57-6B17E84908B2}.Debug|Any CPU.Build.0 = Debug|Any CPU
		{A5209978-C5BD-4070-BD57-6B17E84908B2}.Debug|x64.ActiveCfg = Debug|Any CPU
		{A5209978-C5BD-4070-BD57-6B17E84908B2}.Debug|x64.Build.0 = Debug|Any CPU
		{A5209978-C5BD-4070-BD57-6B17E84908B2}.Debug|x86.ActiveCfg = Debug|Any CPU
		{A5209978-C5BD-4070-BD57-6B17E84908B2}.Debug|x86.Build.0 = Debug|Any CPU
		{A5209978-C5BD-4070-BD57-6B17E84908B2}.Release|Any CPU.ActiveCfg = Release|Any CPU
		{A5209978-C5BD-4070-BD57-6B17E84908B2}.Release|Any CPU.Build.0 = Release|Any CPU
		{A5209978-C5BD-4070-BD57-6B17E84908B2}.Release|x64.ActiveCfg = Release|Any CPU
		{A5209978-C5BD-4070-BD57-6B17E84908B2}.Release|x64.Build.0 = Release|Any CPU
		{A5209978-C5BD-4070-BD57-6B17E84908B2}.Release|x86.ActiveCfg = Release|Any CPU
		{A5209978-C5BD-4070-BD57-6B17E84908B2}.Release|x86.Build.0 = Release|Any CPU
		{76A95C34-E5CE-4A38-BA60-B1C0B116FF4E}.Debug|Any CPU.ActiveCfg = Debug|Any CPU
		{76A95C34-E5CE-4A38-BA60-B1C0B116FF4E}.Debug|Any CPU.Build.0 = Debug|Any CPU
		{76A95C34-E5CE-4A38-BA60-B1C0B116FF4E}.Debug|x64.ActiveCfg = Debug|Any CPU
		{76A95C34-E5CE-4A38-BA60-B1C0B116FF4E}.Debug|x64.Build.0 = Debug|Any CPU
		{76A95C34-E5CE-4A38-BA60-B1C0B116FF4E}.Debug|x86.ActiveCfg = Debug|Any CPU
		{76A95C34-E5CE-4A38-BA60-B1C0B116FF4E}.Debug|x86.Build.0 = Debug|Any CPU
		{76A95C34-E5CE-4A38-BA60-B1C0B116FF4E}.Release|Any CPU.ActiveCfg = Release|Any CPU
		{76A95C34-E5CE-4A38-BA60-B1C0B116FF4E}.Release|Any CPU.Build.0 = Release|Any CPU
		{76A95C34-E5CE-4A38-BA60-B1C0B116FF4E}.Release|x64.ActiveCfg = Release|Any CPU
		{76A95C34-E5CE-4A38-BA60-B1C0B116FF4E}.Release|x64.Build.0 = Release|Any CPU
		{76A95C34-E5CE-4A38-BA60-B1C0B116FF4E}.Release|x86.ActiveCfg = Release|Any CPU
		{76A95C34-E5CE-4A38-BA60-B1C0B116FF4E}.Release|x86.Build.0 = Release|Any CPU
		{BABE880C-53FD-4D0E-A638-A25D3E5A2C92}.Debug|Any CPU.ActiveCfg = Debug|Any CPU
		{BABE880C-53FD-4D0E-A638-A25D3E5A2C92}.Debug|Any CPU.Build.0 = Debug|Any CPU
		{BABE880C-53FD-4D0E-A638-A25D3E5A2C92}.Debug|x64.ActiveCfg = Debug|Any CPU
		{BABE880C-53FD-4D0E-A638-A25D3E5A2C92}.Debug|x64.Build.0 = Debug|Any CPU
		{BABE880C-53FD-4D0E-A638-A25D3E5A2C92}.Debug|x86.ActiveCfg = Debug|Any CPU
		{BABE880C-53FD-4D0E-A638-A25D3E5A2C92}.Debug|x86.Build.0 = Debug|Any CPU
		{BABE880C-53FD-4D0E-A638-A25D3E5A2C92}.Release|Any CPU.ActiveCfg = Release|Any CPU
		{BABE880C-53FD-4D0E-A638-A25D3E5A2C92}.Release|Any CPU.Build.0 = Release|Any CPU
		{BABE880C-53FD-4D0E-A638-A25D3E5A2C92}.Release|x64.ActiveCfg = Release|Any CPU
		{BABE880C-53FD-4D0E-A638-A25D3E5A2C92}.Release|x64.Build.0 = Release|Any CPU
		{BABE880C-53FD-4D0E-A638-A25D3E5A2C92}.Release|x86.ActiveCfg = Release|Any CPU
		{BABE880C-53FD-4D0E-A638-A25D3E5A2C92}.Release|x86.Build.0 = Release|Any CPU
	EndGlobalSection
	GlobalSection(SolutionProperties) = preSolution
		HideSolutionNode = FALSE
	EndGlobalSection
	GlobalSection(NestedProjects) = preSolution
		{BA2832C7-0F00-4EC6-824C-E1AAC3FB3B35} = {00BAB824-FFA3-47C3-947D-6BA318AAB05F}
		{93B510A9-DCBD-4672-AAB8-42E4EBB4D86D} = {00BAB824-FFA3-47C3-947D-6BA318AAB05F}
		{E38AB69C-B443-472A-BDD6-6C974914A29E} = {C95B71C5-8A5B-4DCF-9322-A961508059D1}
		{0C4841E2-594D-4C95-BFE4-42042605EE26} = {00BAB824-FFA3-47C3-947D-6BA318AAB05F}
		{9E416030-0413-4A11-9F91-C1A8A9E786D4} = {9DB4DC10-92E9-476C-B78A-1DAC3059D3FB}
		{9E45278C-623C-423F-972F-7BE61F2FF739} = {9DB4DC10-92E9-476C-B78A-1DAC3059D3FB}
		{CA8CD526-54C6-45D6-8208-6DF26F2A55BA} = {9DB4DC10-92E9-476C-B78A-1DAC3059D3FB}
		{A5209978-C5BD-4070-BD57-6B17E84908B2} = {00BAB824-FFA3-47C3-947D-6BA318AAB05F}
		{76A95C34-E5CE-4A38-BA60-B1C0B116FF4E} = {C95B71C5-8A5B-4DCF-9322-A961508059D1}
		{BABE880C-53FD-4D0E-A638-A25D3E5A2C92} = {9DB4DC10-92E9-476C-B78A-1DAC3059D3FB}
	EndGlobalSection
	GlobalSection(ExtensibilityGlobals) = postSolution
		SolutionGuid = {0414F326-4F01-4D3E-9272-847192EF0C30}
	EndGlobalSection
EndGlobal
